// !$*UTF8*$!
{
	archiveVersion = 1;
	classes = {
	};
	objectVersion = 55;
	objects = {

/* Begin PBXBuildFile section */
		5500879E2762EB9800918CA8 /* ManufacturerDetailViewController.swift in Sources */ = {isa = PBXBuildFile; fileRef = 5500879D2762EB9800918CA8 /* ManufacturerDetailViewController.swift */; };
		550087A02762EC4000918CA8 /* ManufacturerDetailViewModel.swift in Sources */ = {isa = PBXBuildFile; fileRef = 5500879F2762EC4000918CA8 /* ManufacturerDetailViewModel.swift */; };
		550087A22762EC7700918CA8 /* ManufacturerDetailDAO.swift in Sources */ = {isa = PBXBuildFile; fileRef = 550087A12762EC7700918CA8 /* ManufacturerDetailDAO.swift */; };
		55D6EAEE276178A30053A704 /* AppDelegate.swift in Sources */ = {isa = PBXBuildFile; fileRef = 55D6EAED276178A30053A704 /* AppDelegate.swift */; };
		55D6EAF0276178A30053A704 /* SceneDelegate.swift in Sources */ = {isa = PBXBuildFile; fileRef = 55D6EAEF276178A30053A704 /* SceneDelegate.swift */; };
		55D6EAF2276178A30053A704 /* ManufacturersViewController.swift in Sources */ = {isa = PBXBuildFile; fileRef = 55D6EAF1276178A30053A704 /* ManufacturersViewController.swift */; };
		55D6EAF5276178A30053A704 /* Main.storyboard in Resources */ = {isa = PBXBuildFile; fileRef = 55D6EAF3276178A30053A704 /* Main.storyboard */; };
		55D6EAF7276178A40053A704 /* Assets.xcassets in Resources */ = {isa = PBXBuildFile; fileRef = 55D6EAF6276178A40053A704 /* Assets.xcassets */; };
		55D6EAFA276178A40053A704 /* LaunchScreen.storyboard in Resources */ = {isa = PBXBuildFile; fileRef = 55D6EAF8276178A40053A704 /* LaunchScreen.storyboard */; };
		55D8B4692762A7FD008FE530 /* ManufacturersTableViewCell.swift in Sources */ = {isa = PBXBuildFile; fileRef = 55D8B4682762A7FD008FE530 /* ManufacturersTableViewCell.swift */; };
		55D8B46B2762AA2C008FE530 /* ManufacturersTableDTO.swift in Sources */ = {isa = PBXBuildFile; fileRef = 55D8B46A2762AA2C008FE530 /* ManufacturersTableDTO.swift */; };
		55E2589727638AE400A08D1F /* ManufacturerDetailPickerViewAdapter.swift in Sources */ = {isa = PBXBuildFile; fileRef = 55E2589627638AE400A08D1F /* ManufacturerDetailPickerViewAdapter.swift */; };
		55FFE89127628F2A006C2EB9 /* ManufacturersViewModel.swift in Sources */ = {isa = PBXBuildFile; fileRef = 55FFE89027628F2A006C2EB9 /* ManufacturersViewModel.swift */; };
		55FFE89327628F50006C2EB9 /* ManufacturersDAO.swift in Sources */ = {isa = PBXBuildFile; fileRef = 55FFE89227628F50006C2EB9 /* ManufacturersDAO.swift */; };
		55FFE89527628FAE006C2EB9 /* Manufacturer.swift in Sources */ = {isa = PBXBuildFile; fileRef = 55FFE89427628FAE006C2EB9 /* Manufacturer.swift */; };
		55FFE8972762900C006C2EB9 /* ManufacturerType.swift in Sources */ = {isa = PBXBuildFile; fileRef = 55FFE8962762900C006C2EB9 /* ManufacturerType.swift */; };
		55FFE899276291B5006C2EB9 /* Beer.swift in Sources */ = {isa = PBXBuildFile; fileRef = 55FFE898276291B5006C2EB9 /* Beer.swift */; };
		55FFE89B27629292006C2EB9 /* BeerOrderParam.swift in Sources */ = {isa = PBXBuildFile; fileRef = 55FFE89A27629292006C2EB9 /* BeerOrderParam.swift */; };
		55FFE89D276292DC006C2EB9 /* DatabaseConfigProtocol.swift in Sources */ = {isa = PBXBuildFile; fileRef = 55FFE89C276292DC006C2EB9 /* DatabaseConfigProtocol.swift */; };
		55FFE89F27629330006C2EB9 /* DatabaseManager.swift in Sources */ = {isa = PBXBuildFile; fileRef = 55FFE89E27629330006C2EB9 /* DatabaseManager.swift */; };
		55FFE8A12762A265006C2EB9 /* ManufacturersTableViewAdapter.swift in Sources */ = {isa = PBXBuildFile; fileRef = 55FFE8A02762A265006C2EB9 /* ManufacturersTableViewAdapter.swift */; };
/* End PBXBuildFile section */

/* Begin PBXFileReference section */
		5500879D2762EB9800918CA8 /* ManufacturerDetailViewController.swift */ = {isa = PBXFileReference; lastKnownFileType = sourcecode.swift; path = ManufacturerDetailViewController.swift; sourceTree = "<group>"; };
		5500879F2762EC4000918CA8 /* ManufacturerDetailViewModel.swift */ = {isa = PBXFileReference; lastKnownFileType = sourcecode.swift; path = ManufacturerDetailViewModel.swift; sourceTree = "<group>"; };
		550087A12762EC7700918CA8 /* ManufacturerDetailDAO.swift */ = {isa = PBXFileReference; lastKnownFileType = sourcecode.swift; path = ManufacturerDetailDAO.swift; sourceTree = "<group>"; };
		55D6EAEA276178A20053A704 /* DrinkGo.app */ = {isa = PBXFileReference; explicitFileType = wrapper.application; includeInIndex = 0; path = DrinkGo.app; sourceTree = BUILT_PRODUCTS_DIR; };
		55D6EAED276178A30053A704 /* AppDelegate.swift */ = {isa = PBXFileReference; lastKnownFileType = sourcecode.swift; path = AppDelegate.swift; sourceTree = "<group>"; };
		55D6EAEF276178A30053A704 /* SceneDelegate.swift */ = {isa = PBXFileReference; lastKnownFileType = sourcecode.swift; path = SceneDelegate.swift; sourceTree = "<group>"; };
		55D6EAF1276178A30053A704 /* ManufacturersViewController.swift */ = {isa = PBXFileReference; lastKnownFileType = sourcecode.swift; path = ManufacturersViewController.swift; sourceTree = "<group>"; };
		55D6EAF4276178A30053A704 /* Base */ = {isa = PBXFileReference; lastKnownFileType = file.storyboard; name = Base; path = Base.lproj/Main.storyboard; sourceTree = "<group>"; };
		55D6EAF6276178A40053A704 /* Assets.xcassets */ = {isa = PBXFileReference; lastKnownFileType = folder.assetcatalog; path = Assets.xcassets; sourceTree = "<group>"; };
		55D6EAF9276178A40053A704 /* Base */ = {isa = PBXFileReference; lastKnownFileType = file.storyboard; name = Base; path = Base.lproj/LaunchScreen.storyboard; sourceTree = "<group>"; };
		55D6EAFB276178A40053A704 /* Info.plist */ = {isa = PBXFileReference; lastKnownFileType = text.plist.xml; path = Info.plist; sourceTree = "<group>"; };
		55D8B4682762A7FD008FE530 /* ManufacturersTableViewCell.swift */ = {isa = PBXFileReference; lastKnownFileType = sourcecode.swift; path = ManufacturersTableViewCell.swift; sourceTree = "<group>"; };
		55D8B46A2762AA2C008FE530 /* ManufacturersTableDTO.swift */ = {isa = PBXFileReference; lastKnownFileType = sourcecode.swift; path = ManufacturersTableDTO.swift; sourceTree = "<group>"; };
		55E2589627638AE400A08D1F /* ManufacturerDetailPickerViewAdapter.swift */ = {isa = PBXFileReference; lastKnownFileType = sourcecode.swift; path = ManufacturerDetailPickerViewAdapter.swift; sourceTree = "<group>"; };
		55FFE89027628F2A006C2EB9 /* ManufacturersViewModel.swift */ = {isa = PBXFileReference; lastKnownFileType = sourcecode.swift; path = ManufacturersViewModel.swift; sourceTree = "<group>"; };
		55FFE89227628F50006C2EB9 /* ManufacturersDAO.swift */ = {isa = PBXFileReference; lastKnownFileType = sourcecode.swift; path = ManufacturersDAO.swift; sourceTree = "<group>"; };
		55FFE89427628FAE006C2EB9 /* Manufacturer.swift */ = {isa = PBXFileReference; lastKnownFileType = sourcecode.swift; path = Manufacturer.swift; sourceTree = "<group>"; };
		55FFE8962762900C006C2EB9 /* ManufacturerType.swift */ = {isa = PBXFileReference; lastKnownFileType = sourcecode.swift; path = ManufacturerType.swift; sourceTree = "<group>"; };
		55FFE898276291B5006C2EB9 /* Beer.swift */ = {isa = PBXFileReference; lastKnownFileType = sourcecode.swift; path = Beer.swift; sourceTree = "<group>"; };
		55FFE89A27629292006C2EB9 /* BeerOrderParam.swift */ = {isa = PBXFileReference; lastKnownFileType = sourcecode.swift; path = BeerOrderParam.swift; sourceTree = "<group>"; };
		55FFE89C276292DC006C2EB9 /* DatabaseConfigProtocol.swift */ = {isa = PBXFileReference; lastKnownFileType = sourcecode.swift; path = DatabaseConfigProtocol.swift; sourceTree = "<group>"; };
		55FFE89E27629330006C2EB9 /* DatabaseManager.swift */ = {isa = PBXFileReference; lastKnownFileType = sourcecode.swift; path = DatabaseManager.swift; sourceTree = "<group>"; };
		55FFE8A02762A265006C2EB9 /* ManufacturersTableViewAdapter.swift */ = {isa = PBXFileReference; lastKnownFileType = sourcecode.swift; path = ManufacturersTableViewAdapter.swift; sourceTree = "<group>"; };
/* End PBXFileReference section */

/* Begin PBXFrameworksBuildPhase section */
		55D6EAE7276178A20053A704 /* Frameworks */ = {
			isa = PBXFrameworksBuildPhase;
			buildActionMask = 2147483647;
			files = (
			);
			runOnlyForDeploymentPostprocessing = 0;
		};
/* End PBXFrameworksBuildPhase section */

/* Begin PBXGroup section */
		5500879C2762EB8200918CA8 /* view */ = {
			isa = PBXGroup;
			children = (
				5500879D2762EB9800918CA8 /* ManufacturerDetailViewController.swift */,
				55E2589627638AE400A08D1F /* ManufacturerDetailPickerViewAdapter.swift */,
			);
			path = view;
			sourceTree = "<group>";
		};
		55D6EAE1276178A20053A704 = {
			isa = PBXGroup;
			children = (
				55D6EAEC276178A30053A704 /* DrinkGo */,
				55D6EAEB276178A20053A704 /* Products */,
			);
			sourceTree = "<group>";
		};
		55D6EAEB276178A20053A704 /* Products */ = {
			isa = PBXGroup;
			children = (
				55D6EAEA276178A20053A704 /* DrinkGo.app */,
			);
			name = Products;
			sourceTree = "<group>";
		};
		55D6EAEC276178A30053A704 /* DrinkGo */ = {
			isa = PBXGroup;
			children = (
				55D6EB0527617D2B0053A704 /* model */,
				55D6EB0427617D230053A704 /* beerDetail */,
				55D6EB0327617D140053A704 /* manufacturerDetail */,
				55D6EB0127617CE90053A704 /* manufacturers */,
				55D6EAED276178A30053A704 /* AppDelegate.swift */,
				55D6EAEF276178A30053A704 /* SceneDelegate.swift */,
				55D6EAF6276178A40053A704 /* Assets.xcassets */,
				55D6EAF8276178A40053A704 /* LaunchScreen.storyboard */,
				55D6EAF3276178A30053A704 /* Main.storyboard */,
				55D6EAFB276178A40053A704 /* Info.plist */,
			);
			path = DrinkGo;
			sourceTree = "<group>";
		};
		55D6EB0127617CE90053A704 /* manufacturers */ = {
			isa = PBXGroup;
			children = (
				55FFE88527628E97006C2EB9 /* dataTransferObjects */,
				55FFE88427628E90006C2EB9 /* models */,
				55FFE88327628E88006C2EB9 /* viewModels */,
				55FFE88227628E70006C2EB9 /* view */,
			);
			path = manufacturers;
			sourceTree = "<group>";
		};
		55D6EB0327617D140053A704 /* manufacturerDetail */ = {
			isa = PBXGroup;
			children = (
				5500879C2762EB8200918CA8 /* view */,
				55FFE88927628EC2006C2EB9 /* dataTransferObjects */,
				55FFE88827628EBD006C2EB9 /* models */,
				55FFE88627628EAC006C2EB9 /* viewModels */,
			);
			path = manufacturerDetail;
			sourceTree = "<group>";
		};
		55D6EB0427617D230053A704 /* beerDetail */ = {
			isa = PBXGroup;
			children = (
				55FFE88D27628EE7006C2EB9 /* dataTransferObjects */,
				55FFE88C27628EE1006C2EB9 /* models */,
				55FFE88B27628ED7006C2EB9 /* viewModels */,
				55FFE88A27628ECE006C2EB9 /* viewControllers */,
			);
			path = beerDetail;
			sourceTree = "<group>";
		};
		55D6EB0527617D2B0053A704 /* model */ = {
			isa = PBXGroup;
			children = (
				55FFE88F27628EFC006C2EB9 /* databaseManager */,
				55FFE88E27628EF4006C2EB9 /* dataObjects */,
			);
			path = model;
			sourceTree = "<group>";
		};
		55FFE88227628E70006C2EB9 /* view */ = {
			isa = PBXGroup;
			children = (
				55D6EAF1276178A30053A704 /* ManufacturersViewController.swift */,
				55FFE8A02762A265006C2EB9 /* ManufacturersTableViewAdapter.swift */,
				55D8B4682762A7FD008FE530 /* ManufacturersTableViewCell.swift */,
			);
			path = view;
			sourceTree = "<group>";
		};
		55FFE88327628E88006C2EB9 /* viewModels */ = {
			isa = PBXGroup;
			children = (
				55FFE89027628F2A006C2EB9 /* ManufacturersViewModel.swift */,
				55FFE89C276292DC006C2EB9 /* DatabaseConfigProtocol.swift */,
			);
			path = viewModels;
			sourceTree = "<group>";
		};
		55FFE88427628E90006C2EB9 /* models */ = {
			isa = PBXGroup;
			children = (
				55FFE89227628F50006C2EB9 /* ManufacturersDAO.swift */,
			);
			path = models;
			sourceTree = "<group>";
		};
		55FFE88527628E97006C2EB9 /* dataTransferObjects */ = {
			isa = PBXGroup;
			children = (
				55D8B46A2762AA2C008FE530 /* ManufacturersTableDTO.swift */,
			);
			path = dataTransferObjects;
			sourceTree = "<group>";
		};
		55FFE88627628EAC006C2EB9 /* viewModels */ = {
			isa = PBXGroup;
			children = (
				5500879F2762EC4000918CA8 /* ManufacturerDetailViewModel.swift */,
			);
			path = viewModels;
			sourceTree = "<group>";
		};
		55FFE88827628EBD006C2EB9 /* models */ = {
			isa = PBXGroup;
			children = (
				550087A12762EC7700918CA8 /* ManufacturerDetailDAO.swift */,
			);
			path = models;
			sourceTree = "<group>";
		};
		55FFE88927628EC2006C2EB9 /* dataTransferObjects */ = {
			isa = PBXGroup;
			children = (
			);
			path = dataTransferObjects;
			sourceTree = "<group>";
		};
		55FFE88A27628ECE006C2EB9 /* viewControllers */ = {
			isa = PBXGroup;
			children = (
			);
			path = viewControllers;
			sourceTree = "<group>";
		};
		55FFE88B27628ED7006C2EB9 /* viewModels */ = {
			isa = PBXGroup;
			children = (
			);
			path = viewModels;
			sourceTree = "<group>";
		};
		55FFE88C27628EE1006C2EB9 /* models */ = {
			isa = PBXGroup;
			children = (
			);
			path = models;
			sourceTree = "<group>";
		};
		55FFE88D27628EE7006C2EB9 /* dataTransferObjects */ = {
			isa = PBXGroup;
			children = (
			);
			path = dataTransferObjects;
			sourceTree = "<group>";
		};
		55FFE88E27628EF4006C2EB9 /* dataObjects */ = {
			isa = PBXGroup;
			children = (
				55FFE89427628FAE006C2EB9 /* Manufacturer.swift */,
				55FFE8962762900C006C2EB9 /* ManufacturerType.swift */,
				55FFE898276291B5006C2EB9 /* Beer.swift */,
				55FFE89A27629292006C2EB9 /* BeerOrderParam.swift */,
			);
			path = dataObjects;
			sourceTree = "<group>";
		};
		55FFE88F27628EFC006C2EB9 /* databaseManager */ = {
			isa = PBXGroup;
			children = (
				55FFE89E27629330006C2EB9 /* DatabaseManager.swift */,
			);
			path = databaseManager;
			sourceTree = "<group>";
		};
/* End PBXGroup section */

/* Begin PBXNativeTarget section */
		55D6EAE9276178A20053A704 /* DrinkGo */ = {
			isa = PBXNativeTarget;
			buildConfigurationList = 55D6EAFE276178A40053A704 /* Build configuration list for PBXNativeTarget "DrinkGo" */;
			buildPhases = (
				55D6EAE6276178A20053A704 /* Sources */,
				55D6EAE7276178A20053A704 /* Frameworks */,
				55D6EAE8276178A20053A704 /* Resources */,
			);
			buildRules = (
			);
			dependencies = (
			);
			name = DrinkGo;
			productName = DrinkGo;
			productReference = 55D6EAEA276178A20053A704 /* DrinkGo.app */;
			productType = "com.apple.product-type.application";
		};
/* End PBXNativeTarget section */

/* Begin PBXProject section */
		55D6EAE2276178A20053A704 /* Project object */ = {
			isa = PBXProject;
			attributes = {
				BuildIndependentTargetsInParallel = 1;
				LastSwiftUpdateCheck = 1300;
				LastUpgradeCheck = 1300;
				TargetAttributes = {
					55D6EAE9276178A20053A704 = {
						CreatedOnToolsVersion = 13.0;
					};
				};
			};
			buildConfigurationList = 55D6EAE5276178A20053A704 /* Build configuration list for PBXProject "DrinkGo" */;
			compatibilityVersion = "Xcode 13.0";
			developmentRegion = en;
			hasScannedForEncodings = 0;
			knownRegions = (
				en,
				Base,
			);
			mainGroup = 55D6EAE1276178A20053A704;
			productRefGroup = 55D6EAEB276178A20053A704 /* Products */;
			projectDirPath = "";
			projectRoot = "";
			targets = (
				55D6EAE9276178A20053A704 /* DrinkGo */,
			);
		};
/* End PBXProject section */

/* Begin PBXResourcesBuildPhase section */
		55D6EAE8276178A20053A704 /* Resources */ = {
			isa = PBXResourcesBuildPhase;
			buildActionMask = 2147483647;
			files = (
				55D6EAFA276178A40053A704 /* LaunchScreen.storyboard in Resources */,
				55D6EAF7276178A40053A704 /* Assets.xcassets in Resources */,
				55D6EAF5276178A30053A704 /* Main.storyboard in Resources */,
			);
			runOnlyForDeploymentPostprocessing = 0;
		};
/* End PBXResourcesBuildPhase section */

/* Begin PBXSourcesBuildPhase section */
		55D6EAE6276178A20053A704 /* Sources */ = {
			isa = PBXSourcesBuildPhase;
			buildActionMask = 2147483647;
			files = (
				55FFE89327628F50006C2EB9 /* ManufacturersDAO.swift in Sources */,
				55FFE89F27629330006C2EB9 /* DatabaseManager.swift in Sources */,
				550087A22762EC7700918CA8 /* ManufacturerDetailDAO.swift in Sources */,
				55D6EAF2276178A30053A704 /* ManufacturersViewController.swift in Sources */,
				55D8B46B2762AA2C008FE530 /* ManufacturersTableDTO.swift in Sources */,
				55FFE8972762900C006C2EB9 /* ManufacturerType.swift in Sources */,
				55FFE899276291B5006C2EB9 /* Beer.swift in Sources */,
				55FFE89527628FAE006C2EB9 /* Manufacturer.swift in Sources */,
				55E2589727638AE400A08D1F /* ManufacturerDetailPickerViewAdapter.swift in Sources */,
				55D6EAEE276178A30053A704 /* AppDelegate.swift in Sources */,
				550087A02762EC4000918CA8 /* ManufacturerDetailViewModel.swift in Sources */,
				55D8B4692762A7FD008FE530 /* ManufacturersTableViewCell.swift in Sources */,
				5500879E2762EB9800918CA8 /* ManufacturerDetailViewController.swift in Sources */,
				55FFE89D276292DC006C2EB9 /* DatabaseConfigProtocol.swift in Sources */,
				55FFE8A12762A265006C2EB9 /* ManufacturersTableViewAdapter.swift in Sources */,
				55D6EAF0276178A30053A704 /* SceneDelegate.swift in Sources */,
				55FFE89127628F2A006C2EB9 /* ManufacturersViewModel.swift in Sources */,
				55FFE89B27629292006C2EB9 /* BeerOrderParam.swift in Sources */,
			);
			runOnlyForDeploymentPostprocessing = 0;
		};
/* End PBXSourcesBuildPhase section */

/* Begin PBXVariantGroup section */
		55D6EAF3276178A30053A704 /* Main.storyboard */ = {
			isa = PBXVariantGroup;
			children = (
				55D6EAF4276178A30053A704 /* Base */,
			);
			name = Main.storyboard;
			sourceTree = "<group>";
		};
		55D6EAF8276178A40053A704 /* LaunchScreen.storyboard */ = {
			isa = PBXVariantGroup;
			children = (
				55D6EAF9276178A40053A704 /* Base */,
			);
			name = LaunchScreen.storyboard;
			sourceTree = "<group>";
		};
/* End PBXVariantGroup section */

/* Begin XCBuildConfiguration section */
		55D6EAFC276178A40053A704 /* Debug */ = {
			isa = XCBuildConfiguration;
			buildSettings = {
				ALWAYS_SEARCH_USER_PATHS = NO;
				CLANG_ANALYZER_NONNULL = YES;
				CLANG_ANALYZER_NUMBER_OBJECT_CONVERSION = YES_AGGRESSIVE;
				CLANG_CXX_LANGUAGE_STANDARD = "gnu++17";
				CLANG_CXX_LIBRARY = "libc++";
				CLANG_ENABLE_MODULES = YES;
				CLANG_ENABLE_OBJC_ARC = YES;
				CLANG_ENABLE_OBJC_WEAK = YES;
				CLANG_WARN_BLOCK_CAPTURE_AUTORELEASING = YES;
				CLANG_WARN_BOOL_CONVERSION = YES;
				CLANG_WARN_COMMA = YES;
				CLANG_WARN_CONSTANT_CONVERSION = YES;
				CLANG_WARN_DEPRECATED_OBJC_IMPLEMENTATIONS = YES;
				CLANG_WARN_DIRECT_OBJC_ISA_USAGE = YES_ERROR;
				CLANG_WARN_DOCUMENTATION_COMMENTS = YES;
				CLANG_WARN_EMPTY_BODY = YES;
				CLANG_WARN_ENUM_CONVERSION = YES;
				CLANG_WARN_INFINITE_RECURSION = YES;
				CLANG_WARN_INT_CONVERSION = YES;
				CLANG_WARN_NON_LITERAL_NULL_CONVERSION = YES;
				CLANG_WARN_OBJC_IMPLICIT_RETAIN_SELF = YES;
				CLANG_WARN_OBJC_LITERAL_CONVERSION = YES;
				CLANG_WARN_OBJC_ROOT_CLASS = YES_ERROR;
				CLANG_WARN_QUOTED_INCLUDE_IN_FRAMEWORK_HEADER = YES;
				CLANG_WARN_RANGE_LOOP_ANALYSIS = YES;
				CLANG_WARN_STRICT_PROTOTYPES = YES;
				CLANG_WARN_SUSPICIOUS_MOVE = YES;
				CLANG_WARN_UNGUARDED_AVAILABILITY = YES_AGGRESSIVE;
				CLANG_WARN_UNREACHABLE_CODE = YES;
				CLANG_WARN__DUPLICATE_METHOD_MATCH = YES;
				COPY_PHASE_STRIP = NO;
				DEBUG_INFORMATION_FORMAT = dwarf;
				ENABLE_STRICT_OBJC_MSGSEND = YES;
				ENABLE_TESTABILITY = YES;
				GCC_C_LANGUAGE_STANDARD = gnu11;
				GCC_DYNAMIC_NO_PIC = NO;
				GCC_NO_COMMON_BLOCKS = YES;
				GCC_OPTIMIZATION_LEVEL = 0;
				GCC_PREPROCESSOR_DEFINITIONS = (
					"DEBUG=1",
					"$(inherited)",
				);
				GCC_WARN_64_TO_32_BIT_CONVERSION = YES;
				GCC_WARN_ABOUT_RETURN_TYPE = YES_ERROR;
				GCC_WARN_UNDECLARED_SELECTOR = YES;
				GCC_WARN_UNINITIALIZED_AUTOS = YES_AGGRESSIVE;
				GCC_WARN_UNUSED_FUNCTION = YES;
				GCC_WARN_UNUSED_VARIABLE = YES;
				IPHONEOS_DEPLOYMENT_TARGET = 15.0;
				MTL_ENABLE_DEBUG_INFO = INCLUDE_SOURCE;
				MTL_FAST_MATH = YES;
				ONLY_ACTIVE_ARCH = YES;
				SDKROOT = iphoneos;
				SWIFT_ACTIVE_COMPILATION_CONDITIONS = DEBUG;
				SWIFT_OPTIMIZATION_LEVEL = "-Onone";
			};
			name = Debug;
		};
		55D6EAFD276178A40053A704 /* Release */ = {
			isa = XCBuildConfiguration;
			buildSettings = {
				ALWAYS_SEARCH_USER_PATHS = NO;
				CLANG_ANALYZER_NONNULL = YES;
				CLANG_ANALYZER_NUMBER_OBJECT_CONVERSION = YES_AGGRESSIVE;
				CLANG_CXX_LANGUAGE_STANDARD = "gnu++17";
				CLANG_CXX_LIBRARY = "libc++";
				CLANG_ENABLE_MODULES = YES;
				CLANG_ENABLE_OBJC_ARC = YES;
				CLANG_ENABLE_OBJC_WEAK = YES;
				CLANG_WARN_BLOCK_CAPTURE_AUTORELEASING = YES;
				CLANG_WARN_BOOL_CONVERSION = YES;
				CLANG_WARN_COMMA = YES;
				CLANG_WARN_CONSTANT_CONVERSION = YES;
				CLANG_WARN_DEPRECATED_OBJC_IMPLEMENTATIONS = YES;
				CLANG_WARN_DIRECT_OBJC_ISA_USAGE = YES_ERROR;
				CLANG_WARN_DOCUMENTATION_COMMENTS = YES;
				CLANG_WARN_EMPTY_BODY = YES;
				CLANG_WARN_ENUM_CONVERSION = YES;
				CLANG_WARN_INFINITE_RECURSION = YES;
				CLANG_WARN_INT_CONVERSION = YES;
				CLANG_WARN_NON_LITERAL_NULL_CONVERSION = YES;
				CLANG_WARN_OBJC_IMPLICIT_RETAIN_SELF = YES;
				CLANG_WARN_OBJC_LITERAL_CONVERSION = YES;
				CLANG_WARN_OBJC_ROOT_CLASS = YES_ERROR;
				CLANG_WARN_QUOTED_INCLUDE_IN_FRAMEWORK_HEADER = YES;
				CLANG_WARN_RANGE_LOOP_ANALYSIS = YES;
				CLANG_WARN_STRICT_PROTOTYPES = YES;
				CLANG_WARN_SUSPICIOUS_MOVE = YES;
				CLANG_WARN_UNGUARDED_AVAILABILITY = YES_AGGRESSIVE;
				CLANG_WARN_UNREACHABLE_CODE = YES;
				CLANG_WARN__DUPLICATE_METHOD_MATCH = YES;
				COPY_PHASE_STRIP = NO;
				DEBUG_INFORMATION_FORMAT = "dwarf-with-dsym";
				ENABLE_NS_ASSERTIONS = NO;
				ENABLE_STRICT_OBJC_MSGSEND = YES;
				GCC_C_LANGUAGE_STANDARD = gnu11;
				GCC_NO_COMMON_BLOCKS = YES;
				GCC_WARN_64_TO_32_BIT_CONVERSION = YES;
				GCC_WARN_ABOUT_RETURN_TYPE = YES_ERROR;
				GCC_WARN_UNDECLARED_SELECTOR = YES;
				GCC_WARN_UNINITIALIZED_AUTOS = YES_AGGRESSIVE;
				GCC_WARN_UNUSED_FUNCTION = YES;
				GCC_WARN_UNUSED_VARIABLE = YES;
				IPHONEOS_DEPLOYMENT_TARGET = 15.0;
				MTL_ENABLE_DEBUG_INFO = NO;
				MTL_FAST_MATH = YES;
				SDKROOT = iphoneos;
				SWIFT_COMPILATION_MODE = wholemodule;
				SWIFT_OPTIMIZATION_LEVEL = "-O";
				VALIDATE_PRODUCT = YES;
			};
			name = Release;
		};
		55D6EAFF276178A40053A704 /* Debug */ = {
			isa = XCBuildConfiguration;
			buildSettings = {
				ASSETCATALOG_COMPILER_APPICON_NAME = AppIcon;
				ASSETCATALOG_COMPILER_GLOBAL_ACCENT_COLOR_NAME = AccentColor;
				CODE_SIGN_STYLE = Automatic;
				CURRENT_PROJECT_VERSION = 1;
				GENERATE_INFOPLIST_FILE = YES;
				INFOPLIST_FILE = DrinkGo/Info.plist;
				INFOPLIST_KEY_UIApplicationSupportsIndirectInputEvents = YES;
				INFOPLIST_KEY_UILaunchStoryboardName = LaunchScreen;
				INFOPLIST_KEY_UIMainStoryboardFile = Main;
				INFOPLIST_KEY_UISupportedInterfaceOrientations_iPad = "UIInterfaceOrientationPortrait UIInterfaceOrientationPortraitUpsideDown UIInterfaceOrientationLandscapeLeft UIInterfaceOrientationLandscapeRight";
				INFOPLIST_KEY_UISupportedInterfaceOrientations_iPhone = "UIInterfaceOrientationPortrait UIInterfaceOrientationLandscapeLeft UIInterfaceOrientationLandscapeRight";
				LD_RUNPATH_SEARCH_PATHS = (
					"$(inherited)",
					"@executable_path/Frameworks",
				);
				MARKETING_VERSION = 1.0;
				PRODUCT_BUNDLE_IDENTIFIER = com.vx.DrinkGo;
				PRODUCT_NAME = "$(TARGET_NAME)";
				SWIFT_EMIT_LOC_STRINGS = YES;
				SWIFT_VERSION = 5.0;
				TARGETED_DEVICE_FAMILY = 2;
			};
			name = Debug;
		};
		55D6EB00276178A40053A704 /* Release */ = {
			isa = XCBuildConfiguration;
			buildSettings = {
				ASSETCATALOG_COMPILER_APPICON_NAME = AppIcon;
				ASSETCATALOG_COMPILER_GLOBAL_ACCENT_COLOR_NAME = AccentColor;
				CODE_SIGN_STYLE = Automatic;
				CURRENT_PROJECT_VERSION = 1;
				GENERATE_INFOPLIST_FILE = YES;
				INFOPLIST_FILE = DrinkGo/Info.plist;
				INFOPLIST_KEY_UIApplicationSupportsIndirectInputEvents = YES;
				INFOPLIST_KEY_UILaunchStoryboardName = LaunchScreen;
				INFOPLIST_KEY_UIMainStoryboardFile = Main;
				INFOPLIST_KEY_UISupportedInterfaceOrientations_iPad = "UIInterfaceOrientationPortrait UIInterfaceOrientationPortraitUpsideDown UIInterfaceOrientationLandscapeLeft UIInterfaceOrientationLandscapeRight";
				INFOPLIST_KEY_UISupportedInterfaceOrientations_iPhone = "UIInterfaceOrientationPortrait UIInterfaceOrientationLandscapeLeft UIInterfaceOrientationLandscapeRight";
				LD_RUNPATH_SEARCH_PATHS = (
					"$(inherited)",
					"@executable_path/Frameworks",
				);
				MARKETING_VERSION = 1.0;
				PRODUCT_BUNDLE_IDENTIFIER = com.vx.DrinkGo;
				PRODUCT_NAME = "$(TARGET_NAME)";
				SWIFT_EMIT_LOC_STRINGS = YES;
				SWIFT_VERSION = 5.0;
				TARGETED_DEVICE_FAMILY = 2;
			};
			name = Release;
		};
/* End XCBuildConfiguration section */

/* Begin XCConfigurationList section */
		55D6EAE5276178A20053A704 /* Build configuration list for PBXProject "DrinkGo" */ = {
			isa = XCConfigurationList;
			buildConfigurations = (
				55D6EAFC276178A40053A704 /* Debug */,
				55D6EAFD276178A40053A704 /* Release */,
			);
			defaultConfigurationIsVisible = 0;
			defaultConfigurationName = Release;
		};
		55D6EAFE276178A40053A704 /* Build configuration list for PBXNativeTarget "DrinkGo" */ = {
			isa = XCConfigurationList;
			buildConfigurations = (
				55D6EAFF276178A40053A704 /* Debug */,
				55D6EB00276178A40053A704 /* Release */,
			);
			defaultConfigurationIsVisible = 0;
			defaultConfigurationName = Release;
		};
/* End XCConfigurationList section */
	};
	rootObject = 55D6EAE2276178A20053A704 /* Project object */;
}
